
Microsoft Visual Studio Solution File, Format Version 12.00
# Visual Studio Version 17
VisualStudioVersion = 17.14.36811.4 d17.14
MinimumVisualStudioVersion = 10.0.40219.1
Project("{FAE04EC0-301F-11D3-BF4B-00C04F79EFBC}") = "P25Terminal", "P25Terminal.csproj", "{16E636ED-AFC3-4053-9FFF-E2999DA6027B}"
EndProject
Global
	GlobalSection(SolutionConfigurationPlatforms) = preSolution
		Debug|Any CPU = Debug|Any CPU
		Release|Any CPU = Release|Any CPU
	EndGlobalSection
	GlobalSection(ProjectConfigurationPlatforms) = postSolution
		{16E636ED-AFC3-4053-9FFF-E2999DA6027B}.Debug|Any CPU.ActiveCfg = Debug|Any CPU
		{16E636ED-AFC3-4053-9FFF-E2999DA6027B}.Debug|Any CPU.Build.0 = Debug|Any CPU
		{16E636ED-AFC3-4053-9FFF-E2999DA6027B}.Release|Any CPU.ActiveCfg = Release|Any CPU
		{16E636ED-AFC3-4053-9FFF-E2999DA6027B}.Release|Any CPU.Build.0 = Release|Any CPU
	EndGlobalSection
	GlobalSection(SolutionProperties) = preSolution
		HideSolutionNode = FALSE
	EndGlobalSection
	GlobalSection(ExtensibilityGlobals) = postSolution
		SolutionGuid = {56FB6076-36E4-43A2-BC61-B6A9553C5FC9}
	EndGlobalSection
EndGlobal
